
Microsoft Visual Studio Solution File, Format Version 12.00
# Visual Studio 15
VisualStudioVersion = 15.0.28307.271
MinimumVisualStudioVersion = 10.0.40219.1
Project("{FAE04EC0-301F-11D3-BF4B-00C04F79EFBC}") = "Warehouse_Prj.BDO", "Warehouse_Prj.BDO\Warehouse_Prj.BDO.csproj", "{A95FA38F-9315-42A7-8D01-2CE7927481FF}"
EndProject
Project("{FAE04EC0-301F-11D3-BF4B-00C04F79EFBC}") = "Warehouse_Prj.Logic", "Warehouse_Prj.Logic\Warehouse_Prj.Logic.csproj", "{05E5ECCE-94A1-48EB-8887-B27486265931}"
EndProject
Project("{FAE04EC0-301F-11D3-BF4B-00C04F79EFBC}") = "Warehouse_Prj.Service", "Warehouse_Prj.Service\Warehouse_Prj.Service.csproj", "{BEAD451B-FE3B-4DF5-95FE-A0D2FC7C2944}"
EndProject
Project("{FAE04EC0-301F-11D3-BF4B-00C04F79EFBC}") = "InboundClient", "WarehouseProject\InboundClient.csproj", "{1272B0C3-58E1-4D0D-BE5F-909C636DF513}"
	ProjectSection(ProjectDependencies) = postProject
		{BEAD451B-FE3B-4DF5-95FE-A0D2FC7C2944} = {BEAD451B-FE3B-4DF5-95FE-A0D2FC7C2944}
		{88E26A4E-76B9-4826-86E4-8EACBFAC1C00} = {88E26A4E-76B9-4826-86E4-8EACBFAC1C00}
		{5EABB1AF-3FCC-4C3C-A4A4-F8ED7B13CABA} = {5EABB1AF-3FCC-4C3C-A4A4-F8ED7B13CABA}
	EndProjectSection
EndProject
Project("{FAE04EC0-301F-11D3-BF4B-00C04F79EFBC}") = "CreateUpdateClient", "CreateUpdate\CreateUpdateClient.csproj", "{82F675B4-4A3C-4B14-BAB8-CE0B5FF0AF27}"
	ProjectSection(ProjectDependencies) = postProject
		{BEAD451B-FE3B-4DF5-95FE-A0D2FC7C2944} = {BEAD451B-FE3B-4DF5-95FE-A0D2FC7C2944}
		{9B98BF52-F484-4903-95C7-8DBEE9A3F8C2} = {9B98BF52-F484-4903-95C7-8DBEE9A3F8C2}
	EndProjectSection
EndProject
Project("{FAE04EC0-301F-11D3-BF4B-00C04F79EFBC}") = "OrderClient", "Order\OrderClient.csproj", "{090F6D77-A703-4237-B667-7E6344761C14}"
EndProject
Project("{FAE04EC0-301F-11D3-BF4B-00C04F79EFBC}") = "Warehouse_Prj.DAL", "Warehouse_Prj.DAL\Warehouse_Prj.DAL.csproj", "{6A8B8E30-6075-4041-8316-C46290E1C0B4}"
EndProject
Project("{FAE04EC0-301F-11D3-BF4B-00C04F79EFBC}") = "CheckerClient", "Checker\CheckerClient.csproj", "{43303E64-0CC5-4E15-B251-C556A7CC1370}"
EndProject
Project("{FAE04EC0-301F-11D3-BF4B-00C04F79EFBC}") = "Product_Prj.Service", "Product_Prj.Service\Product_Prj.Service.csproj", "{5EABB1AF-3FCC-4C3C-A4A4-F8ED7B13CABA}"
EndProject
Project("{FAE04EC0-301F-11D3-BF4B-00C04F79EFBC}") = "Product_Prj.Site", "Product_Prj.Site\Product_Prj.Site.csproj", "{E56F2150-7E51-4A09-8644-D44445581F36}"
EndProject
Project("{FAE04EC0-301F-11D3-BF4B-00C04F79EFBC}") = "Warehouse_Prj.Site", "Warehouse_Prj.Site\Warehouse_Prj.Site.csproj", "{F537E3FA-FA06-41CB-87F2-1A46BD14A248}"
EndProject
Project("{FAE04EC0-301F-11D3-BF4B-00C04F79EFBC}") = "Category_Prj.Service", "Category_Prj.Service\Category_Prj.Service.csproj", "{9B98BF52-F484-4903-95C7-8DBEE9A3F8C2}"
EndProject
Project("{FAE04EC0-301F-11D3-BF4B-00C04F79EFBC}") = "Inventory_Prj.Service", "Inventory_Prj.Service\Inventory_Prj.Service.csproj", "{88E26A4E-76B9-4826-86E4-8EACBFAC1C00}"
EndProject
Global
	GlobalSection(SolutionConfigurationPlatforms) = preSolution
		Debug|Any CPU = Debug|Any CPU
		Release|Any CPU = Release|Any CPU
	EndGlobalSection
	GlobalSection(ProjectConfigurationPlatforms) = postSolution
		{A95FA38F-9315-42A7-8D01-2CE7927481FF}.Debug|Any CPU.ActiveCfg = Debug|Any CPU
		{A95FA38F-9315-42A7-8D01-2CE7927481FF}.Debug|Any CPU.Build.0 = Debug|Any CPU
		{A95FA38F-9315-42A7-8D01-2CE7927481FF}.Release|Any CPU.ActiveCfg = Release|Any CPU
		{A95FA38F-9315-42A7-8D01-2CE7927481FF}.Release|Any CPU.Build.0 = Release|Any CPU
		{05E5ECCE-94A1-48EB-8887-B27486265931}.Debug|Any CPU.ActiveCfg = Debug|Any CPU
		{05E5ECCE-94A1-48EB-8887-B27486265931}.Debug|Any CPU.Build.0 = Debug|Any CPU
		{05E5ECCE-94A1-48EB-8887-B27486265931}.Release|Any CPU.ActiveCfg = Release|Any CPU
		{05E5ECCE-94A1-48EB-8887-B27486265931}.Release|Any CPU.Build.0 = Release|Any CPU
		{BEAD451B-FE3B-4DF5-95FE-A0D2FC7C2944}.Debug|Any CPU.ActiveCfg = Debug|Any CPU
		{BEAD451B-FE3B-4DF5-95FE-A0D2FC7C2944}.Debug|Any CPU.Build.0 = Debug|Any CPU
		{BEAD451B-FE3B-4DF5-95FE-A0D2FC7C2944}.Release|Any CPU.ActiveCfg = Release|Any CPU
		{BEAD451B-FE3B-4DF5-95FE-A0D2FC7C2944}.Release|Any CPU.Build.0 = Release|Any CPU
		{1272B0C3-58E1-4D0D-BE5F-909C636DF513}.Debug|Any CPU.ActiveCfg = Debug|Any CPU
		{1272B0C3-58E1-4D0D-BE5F-909C636DF513}.Debug|Any CPU.Build.0 = Debug|Any CPU
		{1272B0C3-58E1-4D0D-BE5F-909C636DF513}.Release|Any CPU.ActiveCfg = Release|Any CPU
		{1272B0C3-58E1-4D0D-BE5F-909C636DF513}.Release|Any CPU.Build.0 = Release|Any CPU
		{82F675B4-4A3C-4B14-BAB8-CE0B5FF0AF27}.Debug|Any CPU.ActiveCfg = Debug|Any CPU
		{82F675B4-4A3C-4B14-BAB8-CE0B5FF0AF27}.Debug|Any CPU.Build.0 = Debug|Any CPU
		{82F675B4-4A3C-4B14-BAB8-CE0B5FF0AF27}.Release|Any CPU.ActiveCfg = Release|Any CPU
		{82F675B4-4A3C-4B14-BAB8-CE0B5FF0AF27}.Release|Any CPU.Build.0 = Release|Any CPU
		{090F6D77-A703-4237-B667-7E6344761C14}.Debug|Any CPU.ActiveCfg = Debug|Any CPU
		{090F6D77-A703-4237-B667-7E6344761C14}.Debug|Any CPU.Build.0 = Debug|Any CPU
		{090F6D77-A703-4237-B667-7E6344761C14}.Release|Any CPU.ActiveCfg = Release|Any CPU
		{090F6D77-A703-4237-B667-7E6344761C14}.Release|Any CPU.Build.0 = Release|Any CPU
		{6A8B8E30-6075-4041-8316-C46290E1C0B4}.Debug|Any CPU.ActiveCfg = Debug|Any CPU
		{6A8B8E30-6075-4041-8316-C46290E1C0B4}.Debug|Any CPU.Build.0 = Debug|Any CPU
		{6A8B8E30-6075-4041-8316-C46290E1C0B4}.Release|Any CPU.ActiveCfg = Release|Any CPU
		{6A8B8E30-6075-4041-8316-C46290E1C0B4}.Release|Any CPU.Build.0 = Release|Any CPU
		{43303E64-0CC5-4E15-B251-C556A7CC1370}.Debug|Any CPU.ActiveCfg = Debug|Any CPU
		{43303E64-0CC5-4E15-B251-C556A7CC1370}.Debug|Any CPU.Build.0 = Debug|Any CPU
		{43303E64-0CC5-4E15-B251-C556A7CC1370}.Release|Any CPU.ActiveCfg = Release|Any CPU
		{43303E64-0CC5-4E15-B251-C556A7CC1370}.Release|Any CPU.Build.0 = Release|Any CPU
		{5EABB1AF-3FCC-4C3C-A4A4-F8ED7B13CABA}.Debug|Any CPU.ActiveCfg = Debug|Any CPU
		{5EABB1AF-3FCC-4C3C-A4A4-F8ED7B13CABA}.Debug|Any CPU.Build.0 = Debug|Any CPU
		{5EABB1AF-3FCC-4C3C-A4A4-F8ED7B13CABA}.Release|Any CPU.ActiveCfg = Release|Any CPU
		{5EABB1AF-3FCC-4C3C-A4A4-F8ED7B13CABA}.Release|Any CPU.Build.0 = Release|Any CPU
		{E56F2150-7E51-4A09-8644-D44445581F36}.Debug|Any CPU.ActiveCfg = Debug|Any CPU
		{E56F2150-7E51-4A09-8644-D44445581F36}.Debug|Any CPU.Build.0 = Debug|Any CPU
		{E56F2150-7E51-4A09-8644-D44445581F36}.Release|Any CPU.ActiveCfg = Release|Any CPU
		{E56F2150-7E51-4A09-8644-D44445581F36}.Release|Any CPU.Build.0 = Release|Any CPU
		{F537E3FA-FA06-41CB-87F2-1A46BD14A248}.Debug|Any CPU.ActiveCfg = Debug|Any CPU
		{F537E3FA-FA06-41CB-87F2-1A46BD14A248}.Debug|Any CPU.Build.0 = Debug|Any CPU
		{F537E3FA-FA06-41CB-87F2-1A46BD14A248}.Release|Any CPU.ActiveCfg = Release|Any CPU
		{F537E3FA-FA06-41CB-87F2-1A46BD14A248}.Release|Any CPU.Build.0 = Release|Any CPU
		{9B98BF52-F484-4903-95C7-8DBEE9A3F8C2}.Debug|Any CPU.ActiveCfg = Debug|Any CPU
		{9B98BF52-F484-4903-95C7-8DBEE9A3F8C2}.Debug|Any CPU.Build.0 = Debug|Any CPU
		{9B98BF52-F484-4903-95C7-8DBEE9A3F8C2}.Release|Any CPU.ActiveCfg = Release|Any CPU
		{9B98BF52-F484-4903-95C7-8DBEE9A3F8C2}.Release|Any CPU.Build.0 = Release|Any CPU
		{88E26A4E-76B9-4826-86E4-8EACBFAC1C00}.Debug|Any CPU.ActiveCfg = Debug|Any CPU
		{88E26A4E-76B9-4826-86E4-8EACBFAC1C00}.Debug|Any CPU.Build.0 = Debug|Any CPU
		{88E26A4E-76B9-4826-86E4-8EACBFAC1C00}.Release|Any CPU.ActiveCfg = Release|Any CPU
		{88E26A4E-76B9-4826-86E4-8EACBFAC1C00}.Release|Any CPU.Build.0 = Release|Any CPU
	EndGlobalSection
	GlobalSection(SolutionProperties) = preSolution
		HideSolutionNode = FALSE
	EndGlobalSection
	GlobalSection(ExtensibilityGlobals) = postSolution
		SolutionGuid = {0FD00F64-2EA3-4EBE-AAB7-B4E39089D64C}
	EndGlobalSection
EndGlobal
