
Microsoft Visual Studio Solution File, Format Version 12.00
# Visual Studio 15
VisualStudioVersion = 15.0.28307.271
MinimumVisualStudioVersion = 10.0.40219.1
Project("{FAE04EC0-301F-11D3-BF4B-00C04F79EFBC}") = "WarehouseInquiry", "WarehouseProject\WarehouseInquiry.csproj", "{1272B0C3-58E1-4D0D-BE5F-909C636DF513}"
EndProject
Global
	GlobalSection(SolutionConfigurationPlatforms) = preSolution
		Debug|Any CPU = Debug|Any CPU
		Release|Any CPU = Release|Any CPU
	EndGlobalSection
	GlobalSection(ProjectConfigurationPlatforms) = postSolution
		{1272B0C3-58E1-4D0D-BE5F-909C636DF513}.Debug|Any CPU.ActiveCfg = Debug|Any CPU
		{1272B0C3-58E1-4D0D-BE5F-909C636DF513}.Debug|Any CPU.Build.0 = Debug|Any CPU
		{1272B0C3-58E1-4D0D-BE5F-909C636DF513}.Release|Any CPU.ActiveCfg = Release|Any CPU
		{1272B0C3-58E1-4D0D-BE5F-909C636DF513}.Release|Any CPU.Build.0 = Release|Any CPU
	EndGlobalSection
	GlobalSection(SolutionProperties) = preSolution
		HideSolutionNode = FALSE
	EndGlobalSection
	GlobalSection(ExtensibilityGlobals) = postSolution
		SolutionGuid = {0FD00F64-2EA3-4EBE-AAB7-B4E39089D64C}
	EndGlobalSection
EndGlobal
